
Microsoft Visual Studio Solution File, Format Version 12.00
# Visual Studio 15
Project("{FAE04EC0-301F-11D3-BF4B-00C04F79EFBC}") = "Assembly-CSharp", "Assembly-CSharp.csproj", "{782DE2E4-89BF-7EBB-6708-76B1155BEB05}"
EndProject
Project("{FAE04EC0-301F-11D3-BF4B-00C04F79EFBC}") = "Assembly-CSharp-Editor", "Assembly-CSharp-Editor.csproj", "{81BFDB5B-627C-6343-92FB-E2E67D5F6873}"
EndProject
Global
	GlobalSection(SolutionConfigurationPlatforms) = preSolution
		Debug|Any CPU = Debug|Any CPU
		Release|Any CPU = Release|Any CPU
	EndGlobalSection
	GlobalSection(ProjectConfigurationPlatforms) = postSolution
		{782DE2E4-89BF-7EBB-6708-76B1155BEB05}.Debug|Any CPU.ActiveCfg = Debug|Any CPU
		{782DE2E4-89BF-7EBB-6708-76B1155BEB05}.Debug|Any CPU.Build.0 = Debug|Any CPU
		{782DE2E4-89BF-7EBB-6708-76B1155BEB05}.Release|Any CPU.ActiveCfg = Release|Any CPU
		{782DE2E4-89BF-7EBB-6708-76B1155BEB05}.Release|Any CPU.Build.0 = Release|Any CPU
		{81BFDB5B-627C-6343-92FB-E2E67D5F6873}.Debug|Any CPU.ActiveCfg = Debug|Any CPU
		{81BFDB5B-627C-6343-92FB-E2E67D5F6873}.Debug|Any CPU.Build.0 = Debug|Any CPU
		{81BFDB5B-627C-6343-92FB-E2E67D5F6873}.Release|Any CPU.ActiveCfg = Release|Any CPU
		{81BFDB5B-627C-6343-92FB-E2E67D5F6873}.Release|Any CPU.Build.0 = Release|Any CPU
	EndGlobalSection
	GlobalSection(SolutionProperties) = preSolution
		HideSolutionNode = FALSE
	EndGlobalSection
EndGlobal
